
Microsoft Visual Studio Solution File, Format Version 12.00
# Visual Studio Version 16
VisualStudioVersion = 16.0.30523.141
MinimumVisualStudioVersion = 10.0.40219.1
Project("{FAE04EC0-301F-11D3-BF4B-00C04F79EFBC}") = "Savu_Antonia_Jewelries", "Savu_Antonia_Jewelries.csproj", "{34C29939-E94F-4280-AAD5-0AEA1683C237}"
EndProject
Global
	GlobalSection(SolutionConfigurationPlatforms) = preSolution
		Debug|Any CPU = Debug|Any CPU
		Release|Any CPU = Release|Any CPU
	EndGlobalSection
	GlobalSection(ProjectConfigurationPlatforms) = postSolution
		{34C29939-E94F-4280-AAD5-0AEA1683C237}.Debug|Any CPU.ActiveCfg = Debug|Any CPU
		{34C29939-E94F-4280-AAD5-0AEA1683C237}.Debug|Any CPU.Build.0 = Debug|Any CPU
		{34C29939-E94F-4280-AAD5-0AEA1683C237}.Release|Any CPU.ActiveCfg = Release|Any CPU
		{34C29939-E94F-4280-AAD5-0AEA1683C237}.Release|Any CPU.Build.0 = Release|Any CPU
	EndGlobalSection
	GlobalSection(SolutionProperties) = preSolution
		HideSolutionNode = FALSE
	EndGlobalSection
	GlobalSection(ExtensibilityGlobals) = postSolution
		SolutionGuid = {EF4163A9-021D-453E-B93D-A282E2B2A916}
	EndGlobalSection
EndGlobal
